
Microsoft Visual Studio Solution File, Format Version 12.00
# Visual Studio 15
VisualStudioVersion = 15.0.27130.2027
MinimumVisualStudioVersion = 10.0.40219.1
Project("{FAE04EC0-301F-11D3-BF4B-00C04F79EFBC}") = "ProjectManager.Web", "ProjectManager.Web\ProjectManager.Web.csproj", "{18FCE998-567C-44EE-A5B7-799B6953F139}"
EndProject
Project("{FAE04EC0-301F-11D3-BF4B-00C04F79EFBC}") = "ProjectManager.Tests", "ProjectManager.Tests\ProjectManager.Tests.csproj", "{204E71A0-324D-432F-AA2F-74FCAEC69D32}"
EndProject
Global
	GlobalSection(SolutionConfigurationPlatforms) = preSolution
		Debug|Any CPU = Debug|Any CPU
		Release|Any CPU = Release|Any CPU
	EndGlobalSection
	GlobalSection(ProjectConfigurationPlatforms) = postSolution
		{18FCE998-567C-44EE-A5B7-799B6953F139}.Debug|Any CPU.ActiveCfg = Debug|Any CPU
		{18FCE998-567C-44EE-A5B7-799B6953F139}.Debug|Any CPU.Build.0 = Debug|Any CPU
		{18FCE998-567C-44EE-A5B7-799B6953F139}.Release|Any CPU.ActiveCfg = Release|Any CPU
		{18FCE998-567C-44EE-A5B7-799B6953F139}.Release|Any CPU.Build.0 = Release|Any CPU
		{204E71A0-324D-432F-AA2F-74FCAEC69D32}.Debug|Any CPU.ActiveCfg = Debug|Any CPU
		{204E71A0-324D-432F-AA2F-74FCAEC69D32}.Debug|Any CPU.Build.0 = Debug|Any CPU
		{204E71A0-324D-432F-AA2F-74FCAEC69D32}.Release|Any CPU.ActiveCfg = Release|Any CPU
		{204E71A0-324D-432F-AA2F-74FCAEC69D32}.Release|Any CPU.Build.0 = Release|Any CPU
	EndGlobalSection
	GlobalSection(SolutionProperties) = preSolution
		HideSolutionNode = FALSE
	EndGlobalSection
	GlobalSection(ExtensibilityGlobals) = postSolution
		SolutionGuid = {06AE1ADD-5583-4ADB-80BF-000AAAD18084}
	EndGlobalSection
EndGlobal
